
Microsoft Visual Studio Solution File, Format Version 12.00
# Visual Studio Version 17
VisualStudioVersion = 17.0.31903.59
MinimumVisualStudioVersion = 10.0.40219.1
Project("{FAE04EC0-301F-11D3-BF4B-00C04F79EFBC}") = "OfflineSandbox.Core", "OfflineSandbox.Core\OfflineSandbox.Core.csproj", "{8F45451C-7559-4423-9FDE-4EC0C2BA6622}"
EndProject
Project("{FAE04EC0-301F-11D3-BF4B-00C04F79EFBC}") = "OfflineSandbox.Server", "OfflineSandbox.Server\OfflineSandbox.Server.csproj", "{2B54B8C6-8AE4-4E55-AF12-3200C2A82CDD}"
EndProject
Global
	GlobalSection(SolutionConfigurationPlatforms) = preSolution
		Debug|Any CPU = Debug|Any CPU
		Release|Any CPU = Release|Any CPU
	EndGlobalSection
	GlobalSection(SolutionProperties) = preSolution
		HideSolutionNode = FALSE
	EndGlobalSection
	GlobalSection(ProjectConfigurationPlatforms) = postSolution
		{8F45451C-7559-4423-9FDE-4EC0C2BA6622}.Debug|Any CPU.ActiveCfg = Debug|Any CPU
		{8F45451C-7559-4423-9FDE-4EC0C2BA6622}.Debug|Any CPU.Build.0 = Debug|Any CPU
		{8F45451C-7559-4423-9FDE-4EC0C2BA6622}.Release|Any CPU.ActiveCfg = Release|Any CPU
		{8F45451C-7559-4423-9FDE-4EC0C2BA6622}.Release|Any CPU.Build.0 = Release|Any CPU
		{2B54B8C6-8AE4-4E55-AF12-3200C2A82CDD}.Debug|Any CPU.ActiveCfg = Debug|Any CPU
		{2B54B8C6-8AE4-4E55-AF12-3200C2A82CDD}.Debug|Any CPU.Build.0 = Debug|Any CPU
		{2B54B8C6-8AE4-4E55-AF12-3200C2A82CDD}.Release|Any CPU.ActiveCfg = Release|Any CPU
		{2B54B8C6-8AE4-4E55-AF12-3200C2A82CDD}.Release|Any CPU.Build.0 = Release|Any CPU
	EndGlobalSection
EndGlobal
